// !$*UTF8*$!
{
	archiveVersion = 1;
	classes = {
	};
	objectVersion = 50;
	objects = {

/* Begin PBXBuildFile section */
		38C33F2E21B8F9ED002CC12F /* AppDelegate.swift in Sources */ = {isa = PBXBuildFile; fileRef = 38C33F2D21B8F9ED002CC12F /* AppDelegate.swift */; };
		38C33F3021B8F9ED002CC12F /* FirstViewController.swift in Sources */ = {isa = PBXBuildFile; fileRef = 38C33F2F21B8F9ED002CC12F /* FirstViewController.swift */; };
		38C33F3221B8F9ED002CC12F /* SecondViewController.swift in Sources */ = {isa = PBXBuildFile; fileRef = 38C33F3121B8F9ED002CC12F /* SecondViewController.swift */; };
		38C33F3521B8F9ED002CC12F /* Main.storyboard in Resources */ = {isa = PBXBuildFile; fileRef = 38C33F3321B8F9ED002CC12F /* Main.storyboard */; };
		38C33F3721B8F9EF002CC12F /* Assets.xcassets in Resources */ = {isa = PBXBuildFile; fileRef = 38C33F3621B8F9EF002CC12F /* Assets.xcassets */; };
		38C33F3A21B8F9EF002CC12F /* LaunchScreen.storyboard in Resources */ = {isa = PBXBuildFile; fileRef = 38C33F3821B8F9EF002CC12F /* LaunchScreen.storyboard */; };
		38C33F4521B8F9EF002CC12F /* TabBasedSampleTests.swift in Sources */ = {isa = PBXBuildFile; fileRef = 38C33F4421B8F9EF002CC12F /* TabBasedSampleTests.swift */; };
		38C33F5021B8F9EF002CC12F /* TabBasedSampleUITests.swift in Sources */ = {isa = PBXBuildFile; fileRef = 38C33F4F21B8F9EF002CC12F /* TabBasedSampleUITests.swift */; };
/* End PBXBuildFile section */

/* Begin PBXContainerItemProxy section */
		38C33F4121B8F9EF002CC12F /* PBXContainerItemProxy */ = {
			isa = PBXContainerItemProxy;
			containerPortal = 38C33F2221B8F9ED002CC12F /* Project object */;
			proxyType = 1;
			remoteGlobalIDString = 38C33F2921B8F9ED002CC12F;
			remoteInfo = TabBasedSample;
		};
		38C33F4C21B8F9EF002CC12F /* PBXContainerItemProxy */ = {
			isa = PBXContainerItemProxy;
			containerPortal = 38C33F2221B8F9ED002CC12F /* Project object */;
			proxyType = 1;
			remoteGlobalIDString = 38C33F2921B8F9ED002CC12F;
			remoteInfo = TabBasedSample;
		};
/* End PBXContainerItemProxy section */

/* Begin PBXFileReference section */
		38C33F2A21B8F9ED002CC12F /* TabBasedSample.app */ = {isa = PBXFileReference; explicitFileType = wrapper.application; includeInIndex = 0; path = TabBasedSample.app; sourceTree = BUILT_PRODUCTS_DIR; };
		38C33F2D21B8F9ED002CC12F /* AppDelegate.swift */ = {isa = PBXFileReference; lastKnownFileType = sourcecode.swift; path = AppDelegate.swift; sourceTree = "<group>"; };
		38C33F2F21B8F9ED002CC12F /* FirstViewController.swift */ = {isa = PBXFileReference; lastKnownFileType = sourcecode.swift; path = FirstViewController.swift; sourceTree = "<group>"; };
		38C33F3121B8F9ED002CC12F /* SecondViewController.swift */ = {isa = PBXFileReference; lastKnownFileType = sourcecode.swift; path = SecondViewController.swift; sourceTree = "<group>"; };
		38C33F3421B8F9ED002CC12F /* Base */ = {isa = PBXFileReference; lastKnownFileType = file.storyboard; name = Base; path = Base.lproj/Main.storyboard; sourceTree = "<group>"; };
		38C33F3621B8F9EF002CC12F /* Assets.xcassets */ = {isa = PBXFileReference; lastKnownFileType = folder.assetcatalog; path = Assets.xcassets; sourceTree = "<group>"; };
		38C33F3921B8F9EF002CC12F /* Base */ = {isa = PBXFileReference; lastKnownFileType = file.storyboard; name = Base; path = Base.lproj/LaunchScreen.storyboard; sourceTree = "<group>"; };
		38C33F3B21B8F9EF002CC12F /* Info.plist */ = {isa = PBXFileReference; lastKnownFileType = text.plist.xml; path = Info.plist; sourceTree = "<group>"; };
		38C33F4021B8F9EF002CC12F /* TabBasedSampleTests.xctest */ = {isa = PBXFileReference; explicitFileType = wrapper.cfbundle; includeInIndex = 0; path = TabBasedSampleTests.xctest; sourceTree = BUILT_PRODUCTS_DIR; };
		38C33F4421B8F9EF002CC12F /* TabBasedSampleTests.swift */ = {isa = PBXFileReference; lastKnownFileType = sourcecode.swift; path = TabBasedSampleTests.swift; sourceTree = "<group>"; };
		38C33F4621B8F9EF002CC12F /* Info.plist */ = {isa = PBXFileReference; lastKnownFileType = text.plist.xml; path = Info.plist; sourceTree = "<group>"; };
		38C33F4B21B8F9EF002CC12F /* TabBasedSampleUITests.xctest */ = {isa = PBXFileReference; explicitFileType = wrapper.cfbundle; includeInIndex = 0; path = TabBasedSampleUITests.xctest; sourceTree = BUILT_PRODUCTS_DIR; };
		38C33F4F21B8F9EF002CC12F /* TabBasedSampleUITests.swift */ = {isa = PBXFileReference; lastKnownFileType = sourcecode.swift; path = TabBasedSampleUITests.swift; sourceTree = "<group>"; };
		38C33F5121B8F9EF002CC12F /* Info.plist */ = {isa = PBXFileReference; lastKnownFileType = text.plist.xml; path = Info.plist; sourceTree = "<group>"; };
/* End PBXFileReference section */

/* Begin PBXFrameworksBuildPhase section */
		38C33F2721B8F9ED002CC12F /* Frameworks */ = {
			isa = PBXFrameworksBuildPhase;
			buildActionMask = 2147483647;
			files = (
			);
			runOnlyForDeploymentPostprocessing = 0;
		};
		38C33F3D21B8F9EF002CC12F /* Frameworks */ = {
			isa = PBXFrameworksBuildPhase;
			buildActionMask = 2147483647;
			files = (
			);
			runOnlyForDeploymentPostprocessing = 0;
		};
		38C33F4821B8F9EF002CC12F /* Frameworks */ = {
			isa = PBXFrameworksBuildPhase;
			buildActionMask = 2147483647;
			files = (
			);
			runOnlyForDeploymentPostprocessing = 0;
		};
/* End PBXFrameworksBuildPhase section */

/* Begin PBXGroup section */
		38C33F2121B8F9ED002CC12F = {
			isa = PBXGroup;
			children = (
				38C33F2C21B8F9ED002CC12F /* TabBasedSample */,
				38C33F4321B8F9EF002CC12F /* TabBasedSampleTests */,
				38C33F4E21B8F9EF002CC12F /* TabBasedSampleUITests */,
				38C33F2B21B8F9ED002CC12F /* Products */,
			);
			sourceTree = "<group>";
		};
		38C33F2B21B8F9ED002CC12F /* Products */ = {
			isa = PBXGroup;
			children = (
				38C33F2A21B8F9ED002CC12F /* TabBasedSample.app */,
				38C33F4021B8F9EF002CC12F /* TabBasedSampleTests.xctest */,
				38C33F4B21B8F9EF002CC12F /* TabBasedSampleUITests.xctest */,
			);
			name = Products;
			sourceTree = "<group>";
		};
		38C33F2C21B8F9ED002CC12F /* TabBasedSample */ = {
			isa = PBXGroup;
			children = (
				38C33F2D21B8F9ED002CC12F /* AppDelegate.swift */,
				38C33F2F21B8F9ED002CC12F /* FirstViewController.swift */,
				38C33F3121B8F9ED002CC12F /* SecondViewController.swift */,
				38C33F3321B8F9ED002CC12F /* Main.storyboard */,
				38C33F3621B8F9EF002CC12F /* Assets.xcassets */,
				38C33F3821B8F9EF002CC12F /* LaunchScreen.storyboard */,
				38C33F3B21B8F9EF002CC12F /* Info.plist */,
			);
			path = TabBasedSample;
			sourceTree = "<group>";
		};
		38C33F4321B8F9EF002CC12F /* TabBasedSampleTests */ = {
			isa = PBXGroup;
			children = (
				38C33F4421B8F9EF002CC12F /* TabBasedSampleTests.swift */,
				38C33F4621B8F9EF002CC12F /* Info.plist */,
			);
			path = TabBasedSampleTests;
			sourceTree = "<group>";
		};
		38C33F4E21B8F9EF002CC12F /* TabBasedSampleUITests */ = {
			isa = PBXGroup;
			children = (
				38C33F4F21B8F9EF002CC12F /* TabBasedSampleUITests.swift */,
				38C33F5121B8F9EF002CC12F /* Info.plist */,
			);
			path = TabBasedSampleUITests;
			sourceTree = "<group>";
		};
/* End PBXGroup section */

/* Begin PBXNativeTarget section */
		38C33F2921B8F9ED002CC12F /* TabBasedSample */ = {
			isa = PBXNativeTarget;
			buildConfigurationList = 38C33F5421B8F9EF002CC12F /* Build configuration list for PBXNativeTarget "TabBasedSample" */;
			buildPhases = (
				38C33F2621B8F9ED002CC12F /* Sources */,
				38C33F2721B8F9ED002CC12F /* Frameworks */,
				38C33F2821B8F9ED002CC12F /* Resources */,
			);
			buildRules = (
			);
			dependencies = (
			);
			name = TabBasedSample;
			productName = TabBasedSample;
			productReference = 38C33F2A21B8F9ED002CC12F /* TabBasedSample.app */;
			productType = "com.apple.product-type.application";
		};
		38C33F3F21B8F9EF002CC12F /* TabBasedSampleTests */ = {
			isa = PBXNativeTarget;
			buildConfigurationList = 38C33F5721B8F9EF002CC12F /* Build configuration list for PBXNativeTarget "TabBasedSampleTests" */;
			buildPhases = (
				38C33F3C21B8F9EF002CC12F /* Sources */,
				38C33F3D21B8F9EF002CC12F /* Frameworks */,
				38C33F3E21B8F9EF002CC12F /* Resources */,
			);
			buildRules = (
			);
			dependencies = (
				38C33F4221B8F9EF002CC12F /* PBXTargetDependency */,
			);
			name = TabBasedSampleTests;
			productName = TabBasedSampleTests;
			productReference = 38C33F4021B8F9EF002CC12F /* TabBasedSampleTests.xctest */;
			productType = "com.apple.product-type.bundle.unit-test";
		};
		38C33F4A21B8F9EF002CC12F /* TabBasedSampleUITests */ = {
			isa = PBXNativeTarget;
			buildConfigurationList = 38C33F5A21B8F9EF002CC12F /* Build configuration list for PBXNativeTarget "TabBasedSampleUITests" */;
			buildPhases = (
				38C33F4721B8F9EF002CC12F /* Sources */,
				38C33F4821B8F9EF002CC12F /* Frameworks */,
				38C33F4921B8F9EF002CC12F /* Resources */,
			);
			buildRules = (
			);
			dependencies = (
				38C33F4D21B8F9EF002CC12F /* PBXTargetDependency */,
			);
			name = TabBasedSampleUITests;
			productName = TabBasedSampleUITests;
			productReference = 38C33F4B21B8F9EF002CC12F /* TabBasedSampleUITests.xctest */;
			productType = "com.apple.product-type.bundle.ui-testing";
		};
/* End PBXNativeTarget section */

/* Begin PBXProject section */
		38C33F2221B8F9ED002CC12F /* Project object */ = {
			isa = PBXProject;
			attributes = {
				LastSwiftUpdateCheck = 1010;
				LastUpgradeCheck = 1010;
				ORGANIZATIONNAME = "Sunil Targe";
				TargetAttributes = {
					38C33F2921B8F9ED002CC12F = {
						CreatedOnToolsVersion = 10.1;
					};
					38C33F3F21B8F9EF002CC12F = {
						CreatedOnToolsVersion = 10.1;
						TestTargetID = 38C33F2921B8F9ED002CC12F;
					};
					38C33F4A21B8F9EF002CC12F = {
						CreatedOnToolsVersion = 10.1;
						TestTargetID = 38C33F2921B8F9ED002CC12F;
					};
				};
			};
			buildConfigurationList = 38C33F2521B8F9ED002CC12F /* Build configuration list for PBXProject "TabBasedSample" */;
			compatibilityVersion = "Xcode 9.3";
			developmentRegion = en;
			hasScannedForEncodings = 0;
			knownRegions = (
				en,
				Base,
			);
			mainGroup = 38C33F2121B8F9ED002CC12F;
			productRefGroup = 38C33F2B21B8F9ED002CC12F /* Products */;
			projectDirPath = "";
			projectRoot = "";
			targets = (
				38C33F2921B8F9ED002CC12F /* TabBasedSample */,
				38C33F3F21B8F9EF002CC12F /* TabBasedSampleTests */,
				38C33F4A21B8F9EF002CC12F /* TabBasedSampleUITests */,
			);
		};
/* End PBXProject section */

/* Begin PBXResourcesBuildPhase section */
		38C33F2821B8F9ED002CC12F /* Resources */ = {
			isa = PBXResourcesBuildPhase;
			buildActionMask = 2147483647;
			files = (
				38C33F3A21B8F9EF002CC12F /* LaunchScreen.storyboard in Resources */,
				38C33F3721B8F9EF002CC12F /* Assets.xcassets in Resources */,
				38C33F3521B8F9ED002CC12F /* Main.storyboard in Resources */,
			);
			runOnlyForDeploymentPostprocessing = 0;
		};
		38C33F3E21B8F9EF002CC12F /* Resources */ = {
			isa = PBXResourcesBuildPhase;
			buildActionMask = 2147483647;
			files = (
			);
			runOnlyForDeploymentPostprocessing = 0;
		};
		38C33F4921B8F9EF002CC12F /* Resources */ = {
			isa = PBXResourcesBuildPhase;
			buildActionMask = 2147483647;
			files = (
			);
			runOnlyForDeploymentPostprocessing = 0;
		};
/* End PBXResourcesBuildPhase section */

/* Begin PBXSourcesBuildPhase section */
		38C33F2621B8F9ED002CC12F /* Sources */ = {
			isa = PBXSourcesBuildPhase;
			buildActionMask = 2147483647;
			files = (
				38C33F3221B8F9ED002CC12F /* SecondViewController.swift in Sources */,
				38C33F2E21B8F9ED002CC12F /* AppDelegate.swift in Sources */,
				38C33F3021B8F9ED002CC12F /* FirstViewController.swift in Sources */,
			);
			runOnlyForDeploymentPostprocessing = 0;
		};
		38C33F3C21B8F9EF002CC12F /* Sources */ = {
			isa = PBXSourcesBuildPhase;
			buildActionMask = 2147483647;
			files = (
				38C33F4521B8F9EF002CC12F /* TabBasedSampleTests.swift in Sources */,
			);
			runOnlyForDeploymentPostprocessing = 0;
		};
		38C33F4721B8F9EF002CC12F /* Sources */ = {
			isa = PBXSourcesBuildPhase;
			buildActionMask = 2147483647;
			files = (
				38C33F5021B8F9EF002CC12F /* TabBasedSampleUITests.swift in Sources */,
			);
			runOnlyForDeploymentPostprocessing = 0;
		};
/* End PBXSourcesBuildPhase section */

/* Begin PBXTargetDependency section */
		38C33F4221B8F9EF002CC12F /* PBXTargetDependency */ = {
			isa = PBXTargetDependency;
			target = 38C33F2921B8F9ED002CC12F /* TabBasedSample */;
			targetProxy = 38C33F4121B8F9EF002CC12F /* PBXContainerItemProxy */;
		};
		38C33F4D21B8F9EF002CC12F /* PBXTargetDependency */ = {
			isa = PBXTargetDependency;
			target = 38C33F2921B8F9ED002CC12F /* TabBasedSample */;
			targetProxy = 38C33F4C21B8F9EF002CC12F /* PBXContainerItemProxy */;
		};
/* End PBXTargetDependency section */

/* Begin PBXVariantGroup section */
		38C33F3321B8F9ED002CC12F /* Main.storyboard */ = {
			isa = PBXVariantGroup;
			children = (
				38C33F3421B8F9ED002CC12F /* Base */,
			);
			name = Main.storyboard;
			sourceTree = "<group>";
		};
		38C33F3821B8F9EF002CC12F /* LaunchScreen.storyboard */ = {
			isa = PBXVariantGroup;
			children = (
				38C33F3921B8F9EF002CC12F /* Base */,
			);
			name = LaunchScreen.storyboard;
			sourceTree = "<group>";
		};
/* End PBXVariantGroup section */

/* Begin XCBuildConfiguration section */
		38C33F5221B8F9EF002CC12F /* Debug */ = {
			isa = XCBuildConfiguration;
			buildSettings = {
				ALWAYS_SEARCH_USER_PATHS = NO;
				CLANG_ANALYZER_NONNULL = YES;
				CLANG_ANALYZER_NUMBER_OBJECT_CONVERSION = YES_AGGRESSIVE;
				CLANG_CXX_LANGUAGE_STANDARD = "gnu++14";
				CLANG_CXX_LIBRARY = "libc++";
				CLANG_ENABLE_MODULES = YES;
				CLANG_ENABLE_OBJC_ARC = YES;
				CLANG_ENABLE_OBJC_WEAK = YES;
				CLANG_WARN_BLOCK_CAPTURE_AUTORELEASING = YES;
				CLANG_WARN_BOOL_CONVERSION = YES;
				CLANG_WARN_COMMA = YES;
				CLANG_WARN_CONSTANT_CONVERSION = YES;
				CLANG_WARN_DEPRECATED_OBJC_IMPLEMENTATIONS = YES;
				CLANG_WARN_DIRECT_OBJC_ISA_USAGE = YES_ERROR;
				CLANG_WARN_DOCUMENTATION_COMMENTS = YES;
				CLANG_WARN_EMPTY_BODY = YES;
				CLANG_WARN_ENUM_CONVERSION = YES;
				CLANG_WARN_INFINITE_RECURSION = YES;
				CLANG_WARN_INT_CONVERSION = YES;
				CLANG_WARN_NON_LITERAL_NULL_CONVERSION = YES;
				CLANG_WARN_OBJC_IMPLICIT_RETAIN_SELF = YES;
				CLANG_WARN_OBJC_LITERAL_CONVERSION = YES;
				CLANG_WARN_OBJC_ROOT_CLASS = YES_ERROR;
				CLANG_WARN_RANGE_LOOP_ANALYSIS = YES;
				CLANG_WARN_STRICT_PROTOTYPES = YES;
				CLANG_WARN_SUSPICIOUS_MOVE = YES;
				CLANG_WARN_UNGUARDED_AVAILABILITY = YES_AGGRESSIVE;
				CLANG_WARN_UNREACHABLE_CODE = YES;
				CLANG_WARN__DUPLICATE_METHOD_MATCH = YES;
				CODE_SIGN_IDENTITY = "iPhone Developer";
				COPY_PHASE_STRIP = NO;
				DEBUG_INFORMATION_FORMAT = dwarf;
				ENABLE_STRICT_OBJC_MSGSEND = YES;
				ENABLE_TESTABILITY = YES;
				GCC_C_LANGUAGE_STANDARD = gnu11;
				GCC_DYNAMIC_NO_PIC = NO;
				GCC_NO_COMMON_BLOCKS = YES;
				GCC_OPTIMIZATION_LEVEL = 0;
				GCC_PREPROCESSOR_DEFINITIONS = (
					"DEBUG=1",
					"$(inherited)",
				);
				GCC_WARN_64_TO_32_BIT_CONVERSION = YES;
				GCC_WARN_ABOUT_RETURN_TYPE = YES_ERROR;
				GCC_WARN_UNDECLARED_SELECTOR = YES;
				GCC_WARN_UNINITIALIZED_AUTOS = YES_AGGRESSIVE;
				GCC_WARN_UNUSED_FUNCTION = YES;
				GCC_WARN_UNUSED_VARIABLE = YES;
				IPHONEOS_DEPLOYMENT_TARGET = 12.1;
				MTL_ENABLE_DEBUG_INFO = INCLUDE_SOURCE;
				MTL_FAST_MATH = YES;
				ONLY_ACTIVE_ARCH = YES;
				SDKROOT = iphoneos;
				SWIFT_ACTIVE_COMPILATION_CONDITIONS = DEBUG;
				SWIFT_OPTIMIZATION_LEVEL = "-Onone";
			};
			name = Debug;
		};
		38C33F5321B8F9EF002CC12F /* Release */ = {
			isa = XCBuildConfiguration;
			buildSettings = {
				ALWAYS_SEARCH_USER_PATHS = NO;
				CLANG_ANALYZER_NONNULL = YES;
				CLANG_ANALYZER_NUMBER_OBJECT_CONVERSION = YES_AGGRESSIVE;
				CLANG_CXX_LANGUAGE_STANDARD = "gnu++14";
				CLANG_CXX_LIBRARY = "libc++";
				CLANG_ENABLE_MODULES = YES;
				CLANG_ENABLE_OBJC_ARC = YES;
				CLANG_ENABLE_OBJC_WEAK = YES;
				CLANG_WARN_BLOCK_CAPTURE_AUTORELEASING = YES;
				CLANG_WARN_BOOL_CONVERSION = YES;
				CLANG_WARN_COMMA = YES;
				CLANG_WARN_CONSTANT_CONVERSION = YES;
				CLANG_WARN_DEPRECATED_OBJC_IMPLEMENTATIONS = YES;
				CLANG_WARN_DIRECT_OBJC_ISA_USAGE = YES_ERROR;
				CLANG_WARN_DOCUMENTATION_COMMENTS = YES;
				CLANG_WARN_EMPTY_BODY = YES;
				CLANG_WARN_ENUM_CONVERSION = YES;
				CLANG_WARN_INFINITE_RECURSION = YES;
				CLANG_WARN_INT_CONVERSION = YES;
				CLANG_WARN_NON_LITERAL_NULL_CONVERSION = YES;
				CLANG_WARN_OBJC_IMPLICIT_RETAIN_SELF = YES;
				CLANG_WARN_OBJC_LITERAL_CONVERSION = YES;
				CLANG_WARN_OBJC_ROOT_CLASS = YES_ERROR;
				CLANG_WARN_RANGE_LOOP_ANALYSIS = YES;
				CLANG_WARN_STRICT_PROTOTYPES = YES;
				CLANG_WARN_SUSPICIOUS_MOVE = YES;
				CLANG_WARN_UNGUARDED_AVAILABILITY = YES_AGGRESSIVE;
				CLANG_WARN_UNREACHABLE_CODE = YES;
				CLANG_WARN__DUPLICATE_METHOD_MATCH = YES;
				CODE_SIGN_IDENTITY = "iPhone Developer";
				COPY_PHASE_STRIP = NO;
				DEBUG_INFORMATION_FORMAT = "dwarf-with-dsym";
				ENABLE_NS_ASSERTIONS = NO;
				ENABLE_STRICT_OBJC_MSGSEND = YES;
				GCC_C_LANGUAGE_STANDARD = gnu11;
				GCC_NO_COMMON_BLOCKS = YES;
				GCC_WARN_64_TO_32_BIT_CONVERSION = YES;
				GCC_WARN_ABOUT_RETURN_TYPE = YES_ERROR;
				GCC_WARN_UNDECLARED_SELECTOR = YES;
				GCC_WARN_UNINITIALIZED_AUTOS = YES_AGGRESSIVE;
				GCC_WARN_UNUSED_FUNCTION = YES;
				GCC_WARN_UNUSED_VARIABLE = YES;
				IPHONEOS_DEPLOYMENT_TARGET = 12.1;
				MTL_ENABLE_DEBUG_INFO = NO;
				MTL_FAST_MATH = YES;
				SDKROOT = iphoneos;
				SWIFT_COMPILATION_MODE = wholemodule;
				SWIFT_OPTIMIZATION_LEVEL = "-O";
				VALIDATE_PRODUCT = YES;
			};
			name = Release;
		};
		38C33F5521B8F9EF002CC12F /* Debug */ = {
			isa = XCBuildConfiguration;
			buildSettings = {
				ASSETCATALOG_COMPILER_APPICON_NAME = AppIcon;
				CODE_SIGN_STYLE = Automatic;
				DEVELOPMENT_TEAM = BD453P6D6J;
				INFOPLIST_FILE = TabBasedSample/Info.plist;
				LD_RUNPATH_SEARCH_PATHS = (
					"$(inherited)",
					"@executable_path/Frameworks",
				);
				PRODUCT_BUNDLE_IDENTIFIER = suniltarge.TabBasedSample;
				PRODUCT_NAME = "$(TARGET_NAME)";
				SWIFT_VERSION = 4.2;
				TARGETED_DEVICE_FAMILY = "1,2";
			};
			name = Debug;
		};
		38C33F5621B8F9EF002CC12F /* Release */ = {
			isa = XCBuildConfiguration;
			buildSettings = {
				ASSETCATALOG_COMPILER_APPICON_NAME = AppIcon;
				CODE_SIGN_STYLE = Automatic;
				DEVELOPMENT_TEAM = BD453P6D6J;
				INFOPLIST_FILE = TabBasedSample/Info.plist;
				LD_RUNPATH_SEARCH_PATHS = (
					"$(inherited)",
					"@executable_path/Frameworks",
				);
				PRODUCT_BUNDLE_IDENTIFIER = suniltarge.TabBasedSample;
				PRODUCT_NAME = "$(TARGET_NAME)";
				SWIFT_VERSION = 4.2;
				TARGETED_DEVICE_FAMILY = "1,2";
			};
			name = Release;
		};
		38C33F5821B8F9EF002CC12F /* Debug */ = {
			isa = XCBuildConfiguration;
			buildSettings = {
				ALWAYS_EMBED_SWIFT_STANDARD_LIBRARIES = YES;
				BUNDLE_LOADER = "$(TEST_HOST)";
				CODE_SIGN_STYLE = Automatic;
				DEVELOPMENT_TEAM = BD453P6D6J;
				INFOPLIST_FILE = TabBasedSampleTests/Info.plist;
				LD_RUNPATH_SEARCH_PATHS = (
					"$(inherited)",
					"@executable_path/Frameworks",
					"@loader_path/Frameworks",
				);
				PRODUCT_BUNDLE_IDENTIFIER = suniltarge.TabBasedSampleTests;
				PRODUCT_NAME = "$(TARGET_NAME)";
				SWIFT_VERSION = 4.2;
				TARGETED_DEVICE_FAMILY = "1,2";
				TEST_HOST = "$(BUILT_PRODUCTS_DIR)/TabBasedSample.app/TabBasedSample";
			};
			name = Debug;
		};
		38C33F5921B8F9EF002CC12F /* Release */ = {
			isa = XCBuildConfiguration;
			buildSettings = {
				ALWAYS_EMBED_SWIFT_STANDARD_LIBRARIES = YES;
				BUNDLE_LOADER = "$(TEST_HOST)";
				CODE_SIGN_STYLE = Automatic;
				DEVELOPMENT_TEAM = BD453P6D6J;
				INFOPLIST_FILE = TabBasedSampleTests/Info.plist;
				LD_RUNPATH_SEARCH_PATHS = (
					"$(inherited)",
					"@executable_path/Frameworks",
					"@loader_path/Frameworks",
				);
				PRODUCT_BUNDLE_IDENTIFIER = suniltarge.TabBasedSampleTests;
				PRODUCT_NAME = "$(TARGET_NAME)";
				SWIFT_VERSION = 4.2;
				TARGETED_DEVICE_FAMILY = "1,2";
				TEST_HOST = "$(BUILT_PRODUCTS_DIR)/TabBasedSample.app/TabBasedSample";
			};
			name = Release;
		};
		38C33F5B21B8F9EF002CC12F /* Debug */ = {
			isa = XCBuildConfiguration;
			buildSettings = {
				ALWAYS_EMBED_SWIFT_STANDARD_LIBRARIES = YES;
				CODE_SIGN_STYLE = Automatic;
				DEVELOPMENT_TEAM = BD453P6D6J;
				INFOPLIST_FILE = TabBasedSampleUITests/Info.plist;
				LD_RUNPATH_SEARCH_PATHS = (
					"$(inherited)",
					"@executable_path/Frameworks",
					"@loader_path/Frameworks",
				);
				PRODUCT_BUNDLE_IDENTIFIER = suniltarge.TabBasedSampleUITests;
				PRODUCT_NAME = "$(TARGET_NAME)";
				SWIFT_VERSION = 4.2;
				TARGETED_DEVICE_FAMILY = "1,2";
				TEST_TARGET_NAME = TabBasedSample;
			};
			name = Debug;
		};
		38C33F5C21B8F9EF002CC12F /* Release */ = {
			isa = XCBuildConfiguration;
			buildSettings = {
				ALWAYS_EMBED_SWIFT_STANDARD_LIBRARIES = YES;
				CODE_SIGN_STYLE = Automatic;
				DEVELOPMENT_TEAM = BD453P6D6J;
				INFOPLIST_FILE = TabBasedSampleUITests/Info.plist;
				LD_RUNPATH_SEARCH_PATHS = (
					"$(inherited)",
					"@executable_path/Frameworks",
					"@loader_path/Frameworks",
				);
				PRODUCT_BUNDLE_IDENTIFIER = suniltarge.TabBasedSampleUITests;
				PRODUCT_NAME = "$(TARGET_NAME)";
				SWIFT_VERSION = 4.2;
				TARGETED_DEVICE_FAMILY = "1,2";
				TEST_TARGET_NAME = TabBasedSample;
			};
			name = Release;
		};
/* End XCBuildConfiguration section */

/* Begin XCConfigurationList section */
		38C33F2521B8F9ED002CC12F /* Build configuration list for PBXProject "TabBasedSample" */ = {
			isa = XCConfigurationList;
			buildConfigurations = (
				38C33F5221B8F9EF002CC12F /* Debug */,
				38C33F5321B8F9EF002CC12F /* Release */,
			);
			defaultConfigurationIsVisible = 0;
			defaultConfigurationName = Release;
		};
		38C33F5421B8F9EF002CC12F /* Build configuration list for PBXNativeTarget "TabBasedSample" */ = {
			isa = XCConfigurationList;
			buildConfigurations = (
				38C33F5521B8F9EF002CC12F /* Debug */,
				38C33F5621B8F9EF002CC12F /* Release */,
			);
			defaultConfigurationIsVisible = 0;
			defaultConfigurationName = Release;
		};
		38C33F5721B8F9EF002CC12F /* Build configuration list for PBXNativeTarget "TabBasedSampleTests" */ = {
			isa = XCConfigurationList;
			buildConfigurations = (
				38C33F5821B8F9EF002CC12F /* Debug */,
				38C33F5921B8F9EF002CC12F /* Release */,
			);
			defaultConfigurationIsVisible = 0;
			defaultConfigurationName = Release;
		};
		38C33F5A21B8F9EF002CC12F /* Build configuration list for PBXNativeTarget "TabBasedSampleUITests" */ = {
			isa = XCConfigurationList;
			buildConfigurations = (
				38C33F5B21B8F9EF002CC12F /* Debug */,
				38C33F5C21B8F9EF002CC12F /* Release */,
			);
			defaultConfigurationIsVisible = 0;
			defaultConfigurationName = Release;
		};
/* End XCConfigurationList section */
	};
	rootObject = 38C33F2221B8F9ED002CC12F /* Project object */;
}
